
Microsoft Visual Studio Solution File, Format Version 12.00
# Visual Studio 14
VisualStudioVersion = 14.0.24720.0
MinimumVisualStudioVersion = 10.0.40219.1
Project("{FAE04EC0-301F-11D3-BF4B-00C04F79EFBC}") = "FrontEndPracticeMVGP.api", "FrontEndPracticeMVGP\FrontEndPracticeMVGP.api.csproj", "{35F60A9C-2029-4FC0-B258-D4B18974F1E8}"
EndProject
Project("{E24C65DC-7377-472B-9ABA-BC803B73C61A}") = "FrontEndPracticeMVGP.Web(1)", "FrontEndPracticeMVGP.Web\", "{9376393A-EF2B-4F34-8F68-70967C56BC85}"
	ProjectSection(WebsiteProperties) = preProject
		TargetFrameworkMoniker = ".NETFramework,Version%3Dv4.5.2"
		Debug.AspNetCompiler.VirtualPath = "/localhost_57319"
		Debug.AspNetCompiler.PhysicalPath = "FrontEndPracticeMVGP.Web\"
		Debug.AspNetCompiler.TargetPath = "PrecompiledWeb\localhost_57319\"
		Debug.AspNetCompiler.Updateable = "true"
		Debug.AspNetCompiler.ForceOverwrite = "true"
		Debug.AspNetCompiler.FixedNames = "false"
		Debug.AspNetCompiler.Debug = "True"
		Release.AspNetCompiler.VirtualPath = "/localhost_57319"
		Release.AspNetCompiler.PhysicalPath = "FrontEndPracticeMVGP.Web\"
		Release.AspNetCompiler.TargetPath = "PrecompiledWeb\localhost_57319\"
		Release.AspNetCompiler.Updateable = "true"
		Release.AspNetCompiler.ForceOverwrite = "true"
		Release.AspNetCompiler.FixedNames = "false"
		Release.AspNetCompiler.Debug = "False"
		VWDPort = "57319"
		DefaultWebSiteLanguage = "Visual C#"
	EndProjectSection
EndProject
Global
	GlobalSection(SolutionConfigurationPlatforms) = preSolution
		Debug|Any CPU = Debug|Any CPU
		Release|Any CPU = Release|Any CPU
	EndGlobalSection
	GlobalSection(ProjectConfigurationPlatforms) = postSolution
		{35F60A9C-2029-4FC0-B258-D4B18974F1E8}.Debug|Any CPU.ActiveCfg = Debug|Any CPU
		{35F60A9C-2029-4FC0-B258-D4B18974F1E8}.Debug|Any CPU.Build.0 = Debug|Any CPU
		{35F60A9C-2029-4FC0-B258-D4B18974F1E8}.Release|Any CPU.ActiveCfg = Release|Any CPU
		{35F60A9C-2029-4FC0-B258-D4B18974F1E8}.Release|Any CPU.Build.0 = Release|Any CPU
		{9376393A-EF2B-4F34-8F68-70967C56BC85}.Debug|Any CPU.ActiveCfg = Debug|Any CPU
		{9376393A-EF2B-4F34-8F68-70967C56BC85}.Debug|Any CPU.Build.0 = Debug|Any CPU
		{9376393A-EF2B-4F34-8F68-70967C56BC85}.Release|Any CPU.ActiveCfg = Debug|Any CPU
		{9376393A-EF2B-4F34-8F68-70967C56BC85}.Release|Any CPU.Build.0 = Debug|Any CPU
	EndGlobalSection
	GlobalSection(SolutionProperties) = preSolution
		HideSolutionNode = FALSE
	EndGlobalSection
EndGlobal
